
Microsoft Visual Studio Solution File, Format Version 12.00
# Visual Studio Version 16
VisualStudioVersion = 16.0.29920.165
MinimumVisualStudioVersion = 10.0.40219.1
Project("{9A19103F-16F7-4668-BE54-9A1E7A4F7556}") = "Covid19Radar", "Covid19Radar\Covid19Radar\Covid19Radar.csproj", "{554EE1AB-B447-480C-90E5-C4F040891DE6}"
EndProject
Project("{FAE04EC0-301F-11D3-BF4B-00C04F79EFBC}") = "Covid19Radar.Android", "Covid19Radar\Covid19Radar.Android\Covid19Radar.Android.csproj", "{92B1EC8F-ECF4-403A-B6F4-5EC80F43A69A}"
EndProject
Project("{2150E333-8FDC-42A3-9474-1A3956D46DE8}") = "Solution Items", "Solution Items", "{5A03DD13-C0FC-4998-AFEB-74D5390C59A1}"
EndProject
Project("{2150E333-8FDC-42A3-9474-1A3956D46DE8}") = "Tests", "Tests", "{460BECFC-7B47-437D-9CD5-BE798977C454}"
EndProject
Project("{FAE04EC0-301F-11D3-BF4B-00C04F79EFBC}") = "Covid19Radar.UITest", "Covid19Radar\Tests\Covid19Radar.UITest\Covid19Radar.UITest.csproj", "{4223EE63-A661-4465-BBB0-08DD80DB2256}"
EndProject
Global
	GlobalSection(SolutionConfigurationPlatforms) = preSolution
		Ad-Hoc|Any CPU = Ad-Hoc|Any CPU
		Ad-Hoc|iPhone = Ad-Hoc|iPhone
		Ad-Hoc|iPhoneSimulator = Ad-Hoc|iPhoneSimulator
		AppStore|Any CPU = AppStore|Any CPU
		AppStore|iPhone = AppStore|iPhone
		AppStore|iPhoneSimulator = AppStore|iPhoneSimulator
		Debug_Mock|Any CPU = Debug_Mock|Any CPU
		Debug_Mock|iPhone = Debug_Mock|iPhone
		Debug_Mock|iPhoneSimulator = Debug_Mock|iPhoneSimulator
		Debug|Any CPU = Debug|Any CPU
		Debug|iPhone = Debug|iPhone
		Debug|iPhoneSimulator = Debug|iPhoneSimulator
		Release|Any CPU = Release|Any CPU
		Release|iPhone = Release|iPhone
		Release|iPhoneSimulator = Release|iPhoneSimulator
	EndGlobalSection
	GlobalSection(ProjectConfigurationPlatforms) = postSolution
		{554EE1AB-B447-480C-90E5-C4F040891DE6}.Ad-Hoc|Any CPU.ActiveCfg = Debug|Any CPU
		{554EE1AB-B447-480C-90E5-C4F040891DE6}.Ad-Hoc|Any CPU.Build.0 = Debug|Any CPU
		{554EE1AB-B447-480C-90E5-C4F040891DE6}.AppStore|Any CPU.ActiveCfg = Debug|Any CPU
		{554EE1AB-B447-480C-90E5-C4F040891DE6}.AppStore|Any CPU.Build.0 = Debug|Any CPU
		{554EE1AB-B447-480C-90E5-C4F040891DE6}.Debug_Mock|Any CPU.ActiveCfg = Debug_Mock|Any CPU
		{554EE1AB-B447-480C-90E5-C4F040891DE6}.Debug_Mock|Any CPU.Build.0 = Debug_Mock|Any CPU
		{554EE1AB-B447-480C-90E5-C4F040891DE6}.Debug|Any CPU.ActiveCfg = Debug|Any CPU
		{554EE1AB-B447-480C-90E5-C4F040891DE6}.Debug|Any CPU.Build.0 = Debug|Any CPU
		{554EE1AB-B447-480C-90E5-C4F040891DE6}.Release|Any CPU.ActiveCfg = Release|Any CPU
		{554EE1AB-B447-480C-90E5-C4F040891DE6}.Release|Any CPU.Build.0 = Release|Any CPU
		{92B1EC8F-ECF4-403A-B6F4-5EC80F43A69A}.Ad-Hoc|Any CPU.ActiveCfg = Release|Any CPU
		{92B1EC8F-ECF4-403A-B6F4-5EC80F43A69A}.AppStore|Any CPU.ActiveCfg = Release|Any CPU
		{92B1EC8F-ECF4-403A-B6F4-5EC80F43A69A}.Debug_Mock|Any CPU.ActiveCfg = Debug_Mock|Any CPU
		{92B1EC8F-ECF4-403A-B6F4-5EC80F43A69A}.Debug_Mock|Any CPU.Build.0 = Debug_Mock|Any CPU
		{92B1EC8F-ECF4-403A-B6F4-5EC80F43A69A}.Debug_Mock|Any CPU.Deploy.0 = Debug_Mock|Any CPU
		{92B1EC8F-ECF4-403A-B6F4-5EC80F43A69A}.Debug|Any CPU.ActiveCfg = Debug|Any CPU
		{92B1EC8F-ECF4-403A-B6F4-5EC80F43A69A}.Debug|Any CPU.Build.0 = Debug|Any CPU
		{92B1EC8F-ECF4-403A-B6F4-5EC80F43A69A}.Debug|Any CPU.Deploy.0 = Debug|Any CPU
		{92B1EC8F-ECF4-403A-B6F4-5EC80F43A69A}.Release|Any CPU.ActiveCfg = Release|Any CPU
		{92B1EC8F-ECF4-403A-B6F4-5EC80F43A69A}.Release|Any CPU.Build.0 = Release|Any CPU
		{92B1EC8F-ECF4-403A-B6F4-5EC80F43A69A}.Release|Any CPU.Deploy.0 = Release|Any CPU
		{4223EE63-A661-4465-BBB0-08DD80DB2256}.Ad-Hoc|Any CPU.ActiveCfg = Release|Any CPU
		{4223EE63-A661-4465-BBB0-08DD80DB2256}.AppStore|Any CPU.ActiveCfg = Release|Any CPU
		{4223EE63-A661-4465-BBB0-08DD80DB2256}.Debug_Mock|Any CPU.ActiveCfg = Debug_Mock|Any CPU
		{4223EE63-A661-4465-BBB0-08DD80DB2256}.Debug|Any CPU.ActiveCfg = Debug|Any CPU
		{4223EE63-A661-4465-BBB0-08DD80DB2256}.Release|Any CPU.ActiveCfg = Release|Any CPU
	EndGlobalSection
	GlobalSection(SolutionProperties) = preSolution
		HideSolutionNode = FALSE
	EndGlobalSection
	GlobalSection(NestedProjects) = preSolution
		{4223EE63-A661-4465-BBB0-08DD80DB2256} = {460BECFC-7B47-437D-9CD5-BE798977C454}
	EndGlobalSection
	GlobalSection(ExtensibilityGlobals) = postSolution
		SolutionGuid = {CC497516-FC1C-4A98-B519-9BB1F37D84DA}
	EndGlobalSection
EndGlobal
